
Microsoft Visual Studio Solution File, Format Version 12.00
# Visual Studio Version 17
VisualStudioVersion = 17.3.32929.385
MinimumVisualStudioVersion = 10.0.40219.1
Project("{FAE04EC0-301F-11D3-BF4B-00C04F79EFBC}") = "DS-AlgorithmAndProgrammingProblems", "DS-AlgorithmAndProgrammingProblems.csproj", "{9C417ED0-4A81-4A0E-8007-6E2916E7A488}"
EndProject
Global
	GlobalSection(SolutionConfigurationPlatforms) = preSolution
		Debug|Any CPU = Debug|Any CPU
		Release|Any CPU = Release|Any CPU
	EndGlobalSection
	GlobalSection(ProjectConfigurationPlatforms) = postSolution
		{9C417ED0-4A81-4A0E-8007-6E2916E7A488}.Debug|Any CPU.ActiveCfg = Debug|Any CPU
		{9C417ED0-4A81-4A0E-8007-6E2916E7A488}.Debug|Any CPU.Build.0 = Debug|Any CPU
		{9C417ED0-4A81-4A0E-8007-6E2916E7A488}.Release|Any CPU.ActiveCfg = Release|Any CPU
		{9C417ED0-4A81-4A0E-8007-6E2916E7A488}.Release|Any CPU.Build.0 = Release|Any CPU
	EndGlobalSection
	GlobalSection(SolutionProperties) = preSolution
		HideSolutionNode = FALSE
	EndGlobalSection
	GlobalSection(ExtensibilityGlobals) = postSolution
		SolutionGuid = {A01E6226-E558-496A-84B2-782283F5FCF0}
	EndGlobalSection
EndGlobal
